// !$*UTF8*$!
{
	archiveVersion = 1;
	classes = {
	};
	objectVersion = 46;
	objects = {

/* Begin PBXContainerItemProxy section */
		1D4A9C1C17BD596D002325B2 /* PBXContainerItemProxy */ = {
			isa = PBXContainerItemProxy;
			containerPortal = 1D4BF2AA17AA0BBF005080A2 /* CGIJSONObject.xcodeproj */;
			proxyType = 2;
			remoteGlobalIDString = 1D5CB9F617BD4851009D58E2;
			remoteInfo = MobileJSONObject;
		};
		1D4A9C1E17BD596D002325B2 /* PBXContainerItemProxy */ = {
			isa = PBXContainerItemProxy;
			containerPortal = 1D4BF2AA17AA0BBF005080A2 /* CGIJSONObject.xcodeproj */;
			proxyType = 2;
			remoteGlobalIDString = 1D13DA5D17BCBE7C008507EC;
			remoteInfo = "CGIJSONObject Tests";
		};
		1D4A9C2317BD596D002325B2 /* PBXContainerItemProxy */ = {
			isa = PBXContainerItemProxy;
			containerPortal = 1D4BF0AB17A8FF30005080A2 /* MSBooster.xcodeproj */;
			proxyType = 2;
			remoteGlobalIDString = 1D5CBA1B17BD4900009D58E2;
			remoteInfo = MobileBooster;
		};
		1D4BF0B017A8FF31005080A2 /* PBXContainerItemProxy */ = {
			isa = PBXContainerItemProxy;
			containerPortal = 1D4BF0AB17A8FF30005080A2 /* MSBooster.xcodeproj */;
			proxyType = 2;
			remoteGlobalIDString = 1D4BF07D17A8FF30005080A2;
			remoteInfo = MSBooster;
		};
		1D4BF10317A91740005080A2 /* PBXContainerItemProxy */ = {
			isa = PBXContainerItemProxy;
			containerPortal = 1D4BF0FE17A9173F005080A2 /* CGIKit.xcodeproj */;
			proxyType = 2;
			remoteGlobalIDString = 1D4BF0D017A9173F005080A2;
			remoteInfo = CGIKit;
		};
		1D4BF2AF17AA0BC0005080A2 /* PBXContainerItemProxy */ = {
			isa = PBXContainerItemProxy;
			containerPortal = 1D4BF2AA17AA0BBF005080A2 /* CGIJSONObject.xcodeproj */;
			proxyType = 2;
			remoteGlobalIDString = 1D4BF27C17AA0BBF005080A2;
			remoteInfo = CGIJSONObject;
		};
/* End PBXContainerItemProxy section */

/* Begin PBXFileReference section */
		1D4BF06A17A8FEA8005080A2 /* COPYRIGHT.en.md */ = {isa = PBXFileReference; lastKnownFileType = text; path = COPYRIGHT.en.md; sourceTree = "<group>"; };
		1D4BF06B17A8FEA8005080A2 /* COPYRIGHT.zh-Hans.md */ = {isa = PBXFileReference; lastKnownFileType = text; path = "COPYRIGHT.zh-Hans.md"; sourceTree = "<group>"; };
		1D4BF06C17A8FEA8005080A2 /* README.en.md */ = {isa = PBXFileReference; lastKnownFileType = text; path = README.en.md; sourceTree = "<group>"; };
		1D4BF06D17A8FEB9005080A2 /* .gitignore */ = {isa = PBXFileReference; lastKnownFileType = text; path = .gitignore; sourceTree = "<group>"; };
		1D4BF0AB17A8FF30005080A2 /* MSBooster.xcodeproj */ = {isa = PBXFileReference; lastKnownFileType = "wrapper.pb-project"; name = MSBooster.xcodeproj; path = MSBooster/MSBooster.xcodeproj; sourceTree = "<group>"; };
		1D4BF0FE17A9173F005080A2 /* CGIKit.xcodeproj */ = {isa = PBXFileReference; lastKnownFileType = "wrapper.pb-project"; name = CGIKit.xcodeproj; path = CGIKit/CGIKit.xcodeproj; sourceTree = "<group>"; };
		1D4BF2AA17AA0BBF005080A2 /* CGIJSONObject.xcodeproj */ = {isa = PBXFileReference; lastKnownFileType = "wrapper.pb-project"; name = CGIJSONObject.xcodeproj; path = CGIJSONObject/CGIJSONObject.xcodeproj; sourceTree = "<group>"; };
		1D61211017BA02B500C2AD14 /* GNUstep.make */ = {isa = PBXFileReference; explicitFileType = sourcecode.make; path = GNUstep.make; sourceTree = "<group>"; usesTabs = 1; };
		1D61211117BA040700C2AD14 /* GNUmakefile */ = {isa = PBXFileReference; explicitFileType = sourcecode.make; path = GNUmakefile; sourceTree = "<group>"; usesTabs = 1; };
		1D61211417BA092300C2AD14 /* framework.make */ = {isa = PBXFileReference; lastKnownFileType = text; path = framework.make; sourceTree = "<group>"; usesTabs = 1; };
		1D61211817BA16B500C2AD14 /* tool.make */ = {isa = PBXFileReference; lastKnownFileType = text; path = tool.make; sourceTree = "<group>"; };
/* End PBXFileReference section */

/* Begin PBXGroup section */
		1D4BF06317A8FE92005080A2 = {
			isa = PBXGroup;
			children = (
				1D4BF2AA17AA0BBF005080A2 /* CGIJSONObject.xcodeproj */,
				1D4BF0FE17A9173F005080A2 /* CGIKit.xcodeproj */,
				1D4BF0AB17A8FF30005080A2 /* MSBooster.xcodeproj */,
				1D4BF0C117A90686005080A2 /* Documentation & More */,
				1D61210917BA028F00C2AD14 /* Makefiles */,
			);
			sourceTree = "<group>";
		};
		1D4BF0AC17A8FF30005080A2 /* Products */ = {
			isa = PBXGroup;
			children = (
				1D4BF0B117A8FF31005080A2 /* MSBooster.framework */,
				1D4A9C2417BD596D002325B2 /* MSBooster.framework */,
			);
			name = Products;
			sourceTree = "<group>";
		};
		1D4BF0C117A90686005080A2 /* Documentation & More */ = {
			isa = PBXGroup;
			children = (
				1D4BF06D17A8FEB9005080A2 /* .gitignore */,
				1D4BF06A17A8FEA8005080A2 /* COPYRIGHT.en.md */,
				1D4BF06B17A8FEA8005080A2 /* COPYRIGHT.zh-Hans.md */,
				1D4BF06C17A8FEA8005080A2 /* README.en.md */,
			);
			name = "Documentation & More";
			sourceTree = "<group>";
		};
		1D4BF0FF17A9173F005080A2 /* Products */ = {
			isa = PBXGroup;
			children = (
				1D4BF10417A91740005080A2 /* CGIKit.framework */,
			);
			name = Products;
			sourceTree = "<group>";
		};
		1D4BF2AB17AA0BBF005080A2 /* Products */ = {
			isa = PBXGroup;
			children = (
				1D4BF2B017AA0BC0005080A2 /* CGIJSONObject.framework */,
				1D4A9C1D17BD596D002325B2 /* CGIJSONObject.framework */,
				1D4A9C1F17BD596D002325B2 /* CGIJSONObject Tests.octest */,
			);
			name = Products;
			sourceTree = "<group>";
		};
		1D61210917BA028F00C2AD14 /* Makefiles */ = {
			isa = PBXGroup;
			children = (
				1D61211017BA02B500C2AD14 /* GNUstep.make */,
				1D61211117BA040700C2AD14 /* GNUmakefile */,
				1D61211417BA092300C2AD14 /* framework.make */,
				1D61211817BA16B500C2AD14 /* tool.make */,
			);
			name = Makefiles;
			sourceTree = "<group>";
		};
/* End PBXGroup section */

/* Begin PBXProject section */
		1D4BF06417A8FE92005080A2 /* Project object */ = {
			isa = PBXProject;
			attributes = {
				LastUpgradeCheck = 0500;
			};
			buildConfigurationList = 1D4BF06717A8FE92005080A2 /* Build configuration list for PBXProject "CGIKit" */;
			compatibilityVersion = "Xcode 3.2";
			developmentRegion = English;
			hasScannedForEncodings = 0;
			knownRegions = (
				en,
			);
			mainGroup = 1D4BF06317A8FE92005080A2;
			projectDirPath = "";
			projectReferences = (
				{
					ProductGroup = 1D4BF2AB17AA0BBF005080A2 /* Products */;
					ProjectRef = 1D4BF2AA17AA0BBF005080A2 /* CGIJSONObject.xcodeproj */;
				},
				{
					ProductGroup = 1D4BF0FF17A9173F005080A2 /* Products */;
					ProjectRef = 1D4BF0FE17A9173F005080A2 /* CGIKit.xcodeproj */;
				},
				{
					ProductGroup = 1D4BF0AC17A8FF30005080A2 /* Products */;
					ProjectRef = 1D4BF0AB17A8FF30005080A2 /* MSBooster.xcodeproj */;
				},
			);
			projectRoot = "";
			targets = (
			);
		};
/* End PBXProject section */

/* Begin PBXReferenceProxy section */
		1D4A9C1D17BD596D002325B2 /* CGIJSONObject.framework */ = {
			isa = PBXReferenceProxy;
			fileType = wrapper.framework.static;
			path = CGIJSONObject.framework;
			remoteRef = 1D4A9C1C17BD596D002325B2 /* PBXContainerItemProxy */;
			sourceTree = BUILT_PRODUCTS_DIR;
		};
		1D4A9C1F17BD596D002325B2 /* CGIJSONObject Tests.octest */ = {
			isa = PBXReferenceProxy;
			fileType = wrapper.cfbundle;
			path = "CGIJSONObject Tests.octest";
			remoteRef = 1D4A9C1E17BD596D002325B2 /* PBXContainerItemProxy */;
			sourceTree = BUILT_PRODUCTS_DIR;
		};
		1D4A9C2417BD596D002325B2 /* MSBooster.framework */ = {
			isa = PBXReferenceProxy;
			fileType = wrapper.framework.static;
			path = MSBooster.framework;
			remoteRef = 1D4A9C2317BD596D002325B2 /* PBXContainerItemProxy */;
			sourceTree = BUILT_PRODUCTS_DIR;
		};
		1D4BF0B117A8FF31005080A2 /* MSBooster.framework */ = {
			isa = PBXReferenceProxy;
			fileType = wrapper.framework;
			path = MSBooster.framework;
			remoteRef = 1D4BF0B017A8FF31005080A2 /* PBXContainerItemProxy */;
			sourceTree = BUILT_PRODUCTS_DIR;
		};
		1D4BF10417A91740005080A2 /* CGIKit.framework */ = {
			isa = PBXReferenceProxy;
			fileType = wrapper.framework;
			path = CGIKit.framework;
			remoteRef = 1D4BF10317A91740005080A2 /* PBXContainerItemProxy */;
			sourceTree = BUILT_PRODUCTS_DIR;
		};
		1D4BF2B017AA0BC0005080A2 /* CGIJSONObject.framework */ = {
			isa = PBXReferenceProxy;
			fileType = wrapper.framework;
			path = CGIJSONObject.framework;
			remoteRef = 1D4BF2AF17AA0BC0005080A2 /* PBXContainerItemProxy */;
			sourceTree = BUILT_PRODUCTS_DIR;
		};
/* End PBXReferenceProxy section */

/* Begin XCBuildConfiguration section */
		1D4BF06817A8FE92005080A2 /* Debug */ = {
			isa = XCBuildConfiguration;
			buildSettings = {
			};
			name = Debug;
		};
		1D4BF06917A8FE92005080A2 /* Release */ = {
			isa = XCBuildConfiguration;
			buildSettings = {
			};
			name = Release;
		};
/* End XCBuildConfiguration section */

/* Begin XCConfigurationList section */
		1D4BF06717A8FE92005080A2 /* Build configuration list for PBXProject "CGIKit" */ = {
			isa = XCConfigurationList;
			buildConfigurations = (
				1D4BF06817A8FE92005080A2 /* Debug */,
				1D4BF06917A8FE92005080A2 /* Release */,
			);
			defaultConfigurationIsVisible = 0;
			defaultConfigurationName = Release;
		};
/* End XCConfigurationList section */
	};
	rootObject = 1D4BF06417A8FE92005080A2 /* Project object */;
}
