// !$*UTF8*$!
{
	archiveVersion = 1;
	classes = {
	};
	objectVersion = 46;
	objects = {

/* Begin PBXBuildFile section */
		1D4A9C0F17BD4A05002325B2 /* module.map in CopyFiles */ = {isa = PBXBuildFile; fileRef = 1D4BF0BA17A9051B005080A2 /* module.map */; };
		1D4BF08117A8FF30005080A2 /* Cocoa.framework in Frameworks */ = {isa = PBXBuildFile; fileRef = 1D4BF08017A8FF30005080A2 /* Cocoa.framework */; };
		1D4BF08B17A8FF30005080A2 /* InfoPlist.strings in Resources */ = {isa = PBXBuildFile; fileRef = 1D4BF08917A8FF30005080A2 /* InfoPlist.strings */; };
		1D4BF0B617A8FFA8005080A2 /* MSStringManipulation.h in Headers */ = {isa = PBXBuildFile; fileRef = 1D4BF0B417A8FFA8005080A2 /* MSStringManipulation.h */; settings = {ATTRIBUTES = (Public, ); }; };
		1D4BF0B717A8FFA8005080A2 /* MSStringManipulation.m in Sources */ = {isa = PBXBuildFile; fileRef = 1D4BF0B517A8FFA8005080A2 /* MSStringManipulation.m */; };
		1D4BF0B917A8FFDF005080A2 /* MSCommon.h in Headers */ = {isa = PBXBuildFile; fileRef = 1D4BF0B817A8FFDF005080A2 /* MSCommon.h */; settings = {ATTRIBUTES = (Public, ); }; };
		1D4BF0BD17A905F1005080A2 /* module.map in CopyFiles */ = {isa = PBXBuildFile; fileRef = 1D4BF0BA17A9051B005080A2 /* module.map */; };
		1D4BF0BF17A90653005080A2 /* MSBooster_Private.h in Headers */ = {isa = PBXBuildFile; fileRef = 1D4BF0BE17A90653005080A2 /* MSBooster_Private.h */; settings = {ATTRIBUTES = (Public, ); }; };
		1D4BF0C017A90658005080A2 /* MSBooster.h in Headers */ = {isa = PBXBuildFile; fileRef = 1D4BF08D17A8FF30005080A2 /* MSBooster.h */; settings = {ATTRIBUTES = (Public, ); }; };
		1D4BF0C317A90712005080A2 /* MSOCCompatibility.h in Headers */ = {isa = PBXBuildFile; fileRef = 1D4BF0C217A90712005080A2 /* MSOCCompatibility.h */; settings = {ATTRIBUTES = (Public, ); }; };
		1D4BF0C517A9165F005080A2 /* MSStringConstant.h in Headers */ = {isa = PBXBuildFile; fileRef = 1D4BF0C417A9165F005080A2 /* MSStringConstant.h */; settings = {ATTRIBUTES = (Public, ); }; };
		1D5CBA1D17BD4900009D58E2 /* Foundation.framework in Frameworks */ = {isa = PBXBuildFile; fileRef = 1D5CBA1C17BD4900009D58E2 /* Foundation.framework */; };
		1D5CBA2817BD4910009D58E2 /* MSBooster.h in Headers */ = {isa = PBXBuildFile; fileRef = 1D4BF08D17A8FF30005080A2 /* MSBooster.h */; settings = {ATTRIBUTES = (Public, ); }; };
		1D5CBA2917BD4910009D58E2 /* MSBooster_Private.h in Headers */ = {isa = PBXBuildFile; fileRef = 1D4BF0BE17A90653005080A2 /* MSBooster_Private.h */; settings = {ATTRIBUTES = (Public, ); }; };
		1D5CBA2A17BD4910009D58E2 /* MSCommon.h in Headers */ = {isa = PBXBuildFile; fileRef = 1D4BF0B817A8FFDF005080A2 /* MSCommon.h */; settings = {ATTRIBUTES = (Public, ); }; };
		1D5CBA2B17BD4910009D58E2 /* MSOCCompatibility.h in Headers */ = {isa = PBXBuildFile; fileRef = 1D4BF0C217A90712005080A2 /* MSOCCompatibility.h */; settings = {ATTRIBUTES = (Public, ); }; };
		1D5CBA2C17BD4910009D58E2 /* MSStringConstant.h in Headers */ = {isa = PBXBuildFile; fileRef = 1D4BF0C417A9165F005080A2 /* MSStringConstant.h */; settings = {ATTRIBUTES = (Public, ); }; };
		1D5CBA2D17BD4910009D58E2 /* MSStringManipulation.h in Headers */ = {isa = PBXBuildFile; fileRef = 1D4BF0B417A8FFA8005080A2 /* MSStringManipulation.h */; settings = {ATTRIBUTES = (Public, ); }; };
		1D5CBA2E17BD4910009D58E2 /* MSStringManipulation.m in Sources */ = {isa = PBXBuildFile; fileRef = 1D4BF0B517A8FFA8005080A2 /* MSStringManipulation.m */; };
/* End PBXBuildFile section */

/* Begin PBXCopyFilesBuildPhase section */
		1D4A9C0E17BD49F5002325B2 /* CopyFiles */ = {
			isa = PBXCopyFilesBuildPhase;
			buildActionMask = 2147483647;
			dstPath = "";
			dstSubfolderSpec = 1;
			files = (
				1D4A9C0F17BD4A05002325B2 /* module.map in CopyFiles */,
			);
			runOnlyForDeploymentPostprocessing = 0;
		};
		1D4BF0BC17A905E4005080A2 /* CopyFiles */ = {
			isa = PBXCopyFilesBuildPhase;
			buildActionMask = 2147483647;
			dstPath = "";
			dstSubfolderSpec = 1;
			files = (
				1D4BF0BD17A905F1005080A2 /* module.map in CopyFiles */,
			);
			runOnlyForDeploymentPostprocessing = 0;
		};
/* End PBXCopyFilesBuildPhase section */

/* Begin PBXFileReference section */
		1D4BF07D17A8FF30005080A2 /* MSBooster.framework */ = {isa = PBXFileReference; explicitFileType = wrapper.framework; includeInIndex = 0; path = MSBooster.framework; sourceTree = BUILT_PRODUCTS_DIR; };
		1D4BF08017A8FF30005080A2 /* Cocoa.framework */ = {isa = PBXFileReference; lastKnownFileType = wrapper.framework; name = Cocoa.framework; path = System/Library/Frameworks/Cocoa.framework; sourceTree = SDKROOT; };
		1D4BF08317A8FF30005080A2 /* Foundation.framework */ = {isa = PBXFileReference; lastKnownFileType = wrapper.framework; name = Foundation.framework; path = System/Library/Frameworks/Foundation.framework; sourceTree = SDKROOT; };
		1D4BF08417A8FF30005080A2 /* CoreData.framework */ = {isa = PBXFileReference; lastKnownFileType = wrapper.framework; name = CoreData.framework; path = System/Library/Frameworks/CoreData.framework; sourceTree = SDKROOT; };
		1D4BF08517A8FF30005080A2 /* AppKit.framework */ = {isa = PBXFileReference; lastKnownFileType = wrapper.framework; name = AppKit.framework; path = System/Library/Frameworks/AppKit.framework; sourceTree = SDKROOT; };
		1D4BF08817A8FF30005080A2 /* MSBooster-Info.plist */ = {isa = PBXFileReference; lastKnownFileType = text.plist.xml; path = "MSBooster-Info.plist"; sourceTree = "<group>"; };
		1D4BF08A17A8FF30005080A2 /* en */ = {isa = PBXFileReference; lastKnownFileType = text.plist.strings; name = en; path = en.lproj/InfoPlist.strings; sourceTree = "<group>"; };
		1D4BF08D17A8FF30005080A2 /* MSBooster.h */ = {isa = PBXFileReference; lastKnownFileType = sourcecode.c.h; path = MSBooster.h; sourceTree = "<group>"; };
		1D4BF09517A8FF30005080A2 /* XCTest.framework */ = {isa = PBXFileReference; lastKnownFileType = wrapper.framework; name = XCTest.framework; path = Library/Frameworks/XCTest.framework; sourceTree = DEVELOPER_DIR; };
		1D4BF0B417A8FFA8005080A2 /* MSStringManipulation.h */ = {isa = PBXFileReference; fileEncoding = 4; lastKnownFileType = sourcecode.c.h; path = MSStringManipulation.h; sourceTree = "<group>"; };
		1D4BF0B517A8FFA8005080A2 /* MSStringManipulation.m */ = {isa = PBXFileReference; fileEncoding = 4; lastKnownFileType = sourcecode.c.objc; path = MSStringManipulation.m; sourceTree = "<group>"; };
		1D4BF0B817A8FFDF005080A2 /* MSCommon.h */ = {isa = PBXFileReference; fileEncoding = 4; lastKnownFileType = sourcecode.c.h; path = MSCommon.h; sourceTree = "<group>"; };
		1D4BF0BA17A9051B005080A2 /* module.map */ = {isa = PBXFileReference; fileEncoding = 4; lastKnownFileType = text; path = module.map; sourceTree = "<group>"; };
		1D4BF0BE17A90653005080A2 /* MSBooster_Private.h */ = {isa = PBXFileReference; fileEncoding = 4; lastKnownFileType = sourcecode.c.h; path = MSBooster_Private.h; sourceTree = "<group>"; };
		1D4BF0C217A90712005080A2 /* MSOCCompatibility.h */ = {isa = PBXFileReference; fileEncoding = 4; lastKnownFileType = sourcecode.c.h; path = MSOCCompatibility.h; sourceTree = "<group>"; };
		1D4BF0C417A9165F005080A2 /* MSStringConstant.h */ = {isa = PBXFileReference; fileEncoding = 4; lastKnownFileType = sourcecode.c.h; path = MSStringConstant.h; sourceTree = "<group>"; };
		1D5CBA1B17BD4900009D58E2 /* MSBooster.framework */ = {isa = PBXFileReference; explicitFileType = wrapper.framework.static; includeInIndex = 0; path = MSBooster.framework; sourceTree = BUILT_PRODUCTS_DIR; };
		1D5CBA1C17BD4900009D58E2 /* Foundation.framework */ = {isa = PBXFileReference; lastKnownFileType = wrapper.framework; name = Foundation.framework; path = System/Library/Frameworks/Foundation.framework; sourceTree = SDKROOT; };
		1D61211217BA06FD00C2AD14 /* GNUmakefile */ = {isa = PBXFileReference; lastKnownFileType = text; path = GNUmakefile; sourceTree = "<group>"; };
		1D61211317BA073200C2AD14 /* GNUmakefile */ = {isa = PBXFileReference; lastKnownFileType = text; path = GNUmakefile; sourceTree = "<group>"; };
/* End PBXFileReference section */

/* Begin PBXFrameworksBuildPhase section */
		1D4BF07917A8FF30005080A2 /* Frameworks */ = {
			isa = PBXFrameworksBuildPhase;
			buildActionMask = 2147483647;
			files = (
				1D4BF08117A8FF30005080A2 /* Cocoa.framework in Frameworks */,
			);
			runOnlyForDeploymentPostprocessing = 0;
		};
		1D5CBA1517BD4900009D58E2 /* Frameworks */ = {
			isa = PBXFrameworksBuildPhase;
			buildActionMask = 2147483647;
			files = (
				1D5CBA1D17BD4900009D58E2 /* Foundation.framework in Frameworks */,
			);
			runOnlyForDeploymentPostprocessing = 0;
		};
/* End PBXFrameworksBuildPhase section */

/* Begin PBXGroup section */
		1D4BF07317A8FF30005080A2 = {
			isa = PBXGroup;
			children = (
				1D61211217BA06FD00C2AD14 /* GNUmakefile */,
				1D4BF08617A8FF30005080A2 /* MSBooster */,
				1D4BF07F17A8FF30005080A2 /* Frameworks */,
				1D4BF07E17A8FF30005080A2 /* Products */,
			);
			sourceTree = "<group>";
		};
		1D4BF07E17A8FF30005080A2 /* Products */ = {
			isa = PBXGroup;
			children = (
				1D4BF07D17A8FF30005080A2 /* MSBooster.framework */,
				1D5CBA1B17BD4900009D58E2 /* MSBooster.framework */,
			);
			name = Products;
			sourceTree = "<group>";
		};
		1D4BF07F17A8FF30005080A2 /* Frameworks */ = {
			isa = PBXGroup;
			children = (
				1D4BF08017A8FF30005080A2 /* Cocoa.framework */,
				1D4BF09517A8FF30005080A2 /* XCTest.framework */,
				1D5CBA1C17BD4900009D58E2 /* Foundation.framework */,
				1D4BF08217A8FF30005080A2 /* Other Frameworks */,
			);
			name = Frameworks;
			sourceTree = "<group>";
		};
		1D4BF08217A8FF30005080A2 /* Other Frameworks */ = {
			isa = PBXGroup;
			children = (
				1D4BF08317A8FF30005080A2 /* Foundation.framework */,
				1D4BF08417A8FF30005080A2 /* CoreData.framework */,
				1D4BF08517A8FF30005080A2 /* AppKit.framework */,
			);
			name = "Other Frameworks";
			sourceTree = "<group>";
		};
		1D4BF08617A8FF30005080A2 /* MSBooster */ = {
			isa = PBXGroup;
			children = (
				1D4BF08D17A8FF30005080A2 /* MSBooster.h */,
				1D4BF0BE17A90653005080A2 /* MSBooster_Private.h */,
				1D4BF0B817A8FFDF005080A2 /* MSCommon.h */,
				1D4BF0C217A90712005080A2 /* MSOCCompatibility.h */,
				1D4BF0C417A9165F005080A2 /* MSStringConstant.h */,
				1D4BF0B417A8FFA8005080A2 /* MSStringManipulation.h */,
				1D4BF0B517A8FFA8005080A2 /* MSStringManipulation.m */,
				1D4BF08717A8FF30005080A2 /* Supporting Files */,
			);
			path = MSBooster;
			sourceTree = "<group>";
		};
		1D4BF08717A8FF30005080A2 /* Supporting Files */ = {
			isa = PBXGroup;
			children = (
				1D4BF0BA17A9051B005080A2 /* module.map */,
				1D4BF08817A8FF30005080A2 /* MSBooster-Info.plist */,
				1D4BF08917A8FF30005080A2 /* InfoPlist.strings */,
				1D61211317BA073200C2AD14 /* GNUmakefile */,
			);
			name = "Supporting Files";
			sourceTree = "<group>";
		};
/* End PBXGroup section */

/* Begin PBXHeadersBuildPhase section */
		1D4BF07A17A8FF30005080A2 /* Headers */ = {
			isa = PBXHeadersBuildPhase;
			buildActionMask = 2147483647;
			files = (
				1D4BF0B617A8FFA8005080A2 /* MSStringManipulation.h in Headers */,
				1D4BF0B917A8FFDF005080A2 /* MSCommon.h in Headers */,
				1D4BF0BF17A90653005080A2 /* MSBooster_Private.h in Headers */,
				1D4BF0C517A9165F005080A2 /* MSStringConstant.h in Headers */,
				1D4BF0C317A90712005080A2 /* MSOCCompatibility.h in Headers */,
				1D4BF0C017A90658005080A2 /* MSBooster.h in Headers */,
			);
			runOnlyForDeploymentPostprocessing = 0;
		};
		1D5CBA1617BD4900009D58E2 /* Headers */ = {
			isa = PBXHeadersBuildPhase;
			buildActionMask = 2147483647;
			files = (
				1D5CBA2A17BD4910009D58E2 /* MSCommon.h in Headers */,
				1D5CBA2B17BD4910009D58E2 /* MSOCCompatibility.h in Headers */,
				1D5CBA2817BD4910009D58E2 /* MSBooster.h in Headers */,
				1D5CBA2C17BD4910009D58E2 /* MSStringConstant.h in Headers */,
				1D5CBA2D17BD4910009D58E2 /* MSStringManipulation.h in Headers */,
				1D5CBA2917BD4910009D58E2 /* MSBooster_Private.h in Headers */,
			);
			runOnlyForDeploymentPostprocessing = 0;
		};
/* End PBXHeadersBuildPhase section */

/* Begin PBXNativeTarget section */
		1D4BF07C17A8FF30005080A2 /* MSBooster */ = {
			isa = PBXNativeTarget;
			buildConfigurationList = 1D4BF0A517A8FF30005080A2 /* Build configuration list for PBXNativeTarget "MSBooster" */;
			buildPhases = (
				1D4BF07817A8FF30005080A2 /* Sources */,
				1D4BF07917A8FF30005080A2 /* Frameworks */,
				1D4BF07A17A8FF30005080A2 /* Headers */,
				1D4BF0BC17A905E4005080A2 /* CopyFiles */,
				1D4BF07B17A8FF30005080A2 /* Resources */,
			);
			buildRules = (
			);
			dependencies = (
			);
			name = MSBooster;
			productName = MSBooster;
			productReference = 1D4BF07D17A8FF30005080A2 /* MSBooster.framework */;
			productType = "com.apple.product-type.framework";
		};
		1D5CBA1A17BD4900009D58E2 /* MobileBooster */ = {
			isa = PBXNativeTarget;
			buildConfigurationList = 1D5CBA2717BD4900009D58E2 /* Build configuration list for PBXNativeTarget "MobileBooster" */;
			buildPhases = (
				1D5CBA1317BD4900009D58E2 /* ShellScript */,
				1D5CBA1417BD4900009D58E2 /* Sources */,
				1D5CBA1517BD4900009D58E2 /* Frameworks */,
				1D5CBA1617BD4900009D58E2 /* Headers */,
				1D5CBA1717BD4900009D58E2 /* Resources */,
				1D4A9C0E17BD49F5002325B2 /* CopyFiles */,
				1D5CBA1817BD4900009D58E2 /* ShellScript */,
				1D5CBA1917BD4900009D58E2 /* ShellScript */,
			);
			buildRules = (
			);
			dependencies = (
			);
			name = MobileBooster;
			productName = MobileBooster;
			productReference = 1D5CBA1B17BD4900009D58E2 /* MSBooster.framework */;
			productType = "com.apple.product-type.framework.static";
		};
/* End PBXNativeTarget section */

/* Begin PBXProject section */
		1D4BF07417A8FF30005080A2 /* Project object */ = {
			isa = PBXProject;
			attributes = {
				CLASSPREFIX = MS;
				LastUpgradeCheck = 0500;
				ORGANIZATIONNAME = muski;
			};
			buildConfigurationList = 1D4BF07717A8FF30005080A2 /* Build configuration list for PBXProject "MSBooster" */;
			compatibilityVersion = "Xcode 3.2";
			developmentRegion = English;
			hasScannedForEncodings = 0;
			knownRegions = (
				en,
			);
			mainGroup = 1D4BF07317A8FF30005080A2;
			productRefGroup = 1D4BF07E17A8FF30005080A2 /* Products */;
			projectDirPath = "";
			projectRoot = "";
			targets = (
				1D4BF07C17A8FF30005080A2 /* MSBooster */,
				1D5CBA1A17BD4900009D58E2 /* MobileBooster */,
			);
		};
/* End PBXProject section */

/* Begin PBXResourcesBuildPhase section */
		1D4BF07B17A8FF30005080A2 /* Resources */ = {
			isa = PBXResourcesBuildPhase;
			buildActionMask = 2147483647;
			files = (
				1D4BF08B17A8FF30005080A2 /* InfoPlist.strings in Resources */,
			);
			runOnlyForDeploymentPostprocessing = 0;
		};
		1D5CBA1717BD4900009D58E2 /* Resources */ = {
			isa = PBXResourcesBuildPhase;
			buildActionMask = 2147483647;
			files = (
			);
			runOnlyForDeploymentPostprocessing = 0;
		};
/* End PBXResourcesBuildPhase section */

/* Begin PBXShellScriptBuildPhase section */
		1D5CBA1317BD4900009D58E2 /* ShellScript */ = {
			isa = PBXShellScriptBuildPhase;
			buildActionMask = 2147483647;
			files = (
			);
			inputPaths = (
			);
			outputPaths = (
			);
			runOnlyForDeploymentPostprocessing = 0;
			shellPath = /bin/sh;
			shellScript = "set -e\n\nset +u\nif [[ $UFW_MASTER_SCRIPT_RUNNING ]]\nthen\n    # Nothing for the slave script to do\n    exit 0\nfi\nset -u\n\nif [[ \"$SDK_NAME\" =~ ([A-Za-z]+) ]]\nthen\n    UFW_SDK_PLATFORM=${BASH_REMATCH[1]}\nelse\n    echo \"Could not find platform name from SDK_NAME: $SDK_NAME\"\n    exit 1\nfi\n\nif [[ \"$SDK_NAME\" =~ ([0-9]+.*$) ]]\nthen\n\tUFW_SDK_VERSION=${BASH_REMATCH[1]}\nelse\n    echo \"Could not find sdk version  from SDK_NAME: $SDK_NAME\"\n    exit 1\nfi\n\nif [[ \"$UFW_SDK_PLATFORM\" = \"iphoneos\" ]]\nthen\n    UFW_OTHER_PLATFORM=iphonesimulator\nelse\n    UFW_OTHER_PLATFORM=iphoneos\nfi\n\nif [[ \"$BUILT_PRODUCTS_DIR\" =~ (.*)$UFW_SDK_PLATFORM$ ]]\nthen\n    UFW_OTHER_BUILT_PRODUCTS_DIR=\"${BASH_REMATCH[1]}${UFW_OTHER_PLATFORM}\"\nelse\n    echo \"Could not find $UFW_SDK_PLATFORM in $BUILT_PRODUCTS_DIR\"\n    exit 1\nfi\n\nONLY_ACTIVE_PLATFORM=${ONLY_ACTIVE_PLATFORM:-$ONLY_ACTIVE_ARCH}\n\n# Short-circuit if all binaries are up to date\n\nif [[ -f \"${BUILT_PRODUCTS_DIR}/${EXECUTABLE_PATH}\" ]] && \\\n   [[ -f \"${BUILT_PRODUCTS_DIR}/${PRODUCT_NAME}.embeddedframework/${EXECUTABLE_PATH}\" ]] && \\\n   [[ ! \"${BUILT_PRODUCTS_DIR}/${EXECUTABLE_PATH}\" -nt \"${BUILT_PRODUCTS_DIR}/${PRODUCT_NAME}.embeddedframework/${EXECUTABLE_PATH}\" ]] && \\\n  ([[ \"${ONLY_ACTIVE_PLATFORM}\" == \"YES\" ]] || \\\n    ([[ -f \"${UFW_OTHER_BUILT_PRODUCTS_DIR}/${EXECUTABLE_PATH}\" ]] && \\\n     [[ -f \"${UFW_OTHER_BUILT_PRODUCTS_DIR}/${PRODUCT_NAME}.embeddedframework/${EXECUTABLE_PATH}\" ]] && \\\n     [[ ! \"${UFW_OTHER_BUILT_PRODUCTS_DIR}/${EXECUTABLE_PATH}\" -nt \"${UFW_OTHER_BUILT_PRODUCTS_DIR}/${PRODUCT_NAME}.embeddedframework/${EXECUTABLE_PATH}\" ]]\n    )\n  )\nthen\n    exit 0\nfi\n\n\n# Clean other platform if needed\n\nif [[ ! -f \"${BUILT_PRODUCTS_DIR}/${EXECUTABLE_PATH}\" ]] && [[ \"${ONLY_ACTIVE_PLATFORM}\" != \"YES\" ]]\nthen\n\techo \"Platform \\\"$UFW_SDK_PLATFORM\\\" was cleaned recently. Cleaning \\\"$UFW_OTHER_PLATFORM\\\" as well\"\n\techo xcodebuild -project \"${PROJECT_FILE_PATH}\" -target \"${TARGET_NAME}\" -configuration \"${CONFIGURATION}\" -sdk ${UFW_OTHER_PLATFORM}${UFW_SDK_VERSION} BUILD_DIR=\"${BUILD_DIR}\" CONFIGURATION_TEMP_DIR=\"${PROJECT_TEMP_DIR}/${CONFIGURATION}-${UFW_OTHER_PLATFORM}\" clean\n\txcodebuild -project \"${PROJECT_FILE_PATH}\" -target \"${TARGET_NAME}\" -configuration \"${CONFIGURATION}\" -sdk ${UFW_OTHER_PLATFORM}${UFW_SDK_VERSION} BUILD_DIR=\"${BUILD_DIR}\" CONFIGURATION_TEMP_DIR=\"${PROJECT_TEMP_DIR}/${CONFIGURATION}-${UFW_OTHER_PLATFORM}\" clean\nfi\n\n\n# Make sure we are building from fresh binaries\n\nrm -rf \"${BUILT_PRODUCTS_DIR}/${EXECUTABLE_PATH}\"\nrm -rf \"${BUILT_PRODUCTS_DIR}/${PRODUCT_NAME}.embeddedframework\"\n\nif [[ \"${ONLY_ACTIVE_PLATFORM}\" != \"YES\" ]]\nthen\n    rm -rf \"${UFW_OTHER_BUILT_PRODUCTS_DIR}/${EXECUTABLE_PATH}\"\n    rm -rf \"${UFW_OTHER_BUILT_PRODUCTS_DIR}/${PRODUCT_NAME}.embeddedframework\"\nfi\n";
		};
		1D5CBA1817BD4900009D58E2 /* ShellScript */ = {
			isa = PBXShellScriptBuildPhase;
			buildActionMask = 2147483647;
			files = (
			);
			inputPaths = (
			);
			outputPaths = (
			);
			runOnlyForDeploymentPostprocessing = 0;
			shellPath = /bin/sh;
			shellScript = "HEADERS_ROOT=$SRCROOT/$PRODUCT_NAME\nFRAMEWORK_HEADERS_DIR=\"$BUILT_PRODUCTS_DIR/$WRAPPER_NAME/Versions/$FRAMEWORK_VERSION/Headers\"\n\n## only header files expected at this point\nPUBLIC_HEADERS=$(find $FRAMEWORK_HEADERS_DIR/. -not -type d 2> /dev/null | sed -e \"s@.*/@@g\")\n\nFIND_OPTS=\"\"\nfor PUBLIC_HEADER in $PUBLIC_HEADERS; do\n  if [ -n \"$FIND_OPTS\" ]; then\n    FIND_OPTS=\"$FIND_OPTS -o\"\n  fi\n  FIND_OPTS=\"$FIND_OPTS -name '$PUBLIC_HEADER'\"\ndone\n\nif [ -n \"$FIND_OPTS\" ]; then\n  for ORIG_HEADER in $(eval \"find $HEADERS_ROOT/. $FIND_OPTS\" 2> /dev/null | sed -e \"s@^$HEADERS_ROOT/./@@g\"); do\n    PUBLIC_HEADER=$(basename $ORIG_HEADER)\n    RELATIVE_PATH=$(dirname $ORIG_HEADER)\n    if [ -e $FRAMEWORK_HEADERS_DIR/$PUBLIC_HEADER ]; then\n      mkdir -p \"$FRAMEWORK_HEADERS_DIR/$RELATIVE_PATH\"\n      mv \"$FRAMEWORK_HEADERS_DIR/$PUBLIC_HEADER\" \"$FRAMEWORK_HEADERS_DIR/$RELATIVE_PATH/$PUBLIC_HEADER\"\n    fi\n  done\nfi\n";
		};
		1D5CBA1917BD4900009D58E2 /* ShellScript */ = {
			isa = PBXShellScriptBuildPhase;
			buildActionMask = 2147483647;
			files = (
			);
			inputPaths = (
			);
			outputPaths = (
			);
			runOnlyForDeploymentPostprocessing = 0;
			shellPath = /bin/sh;
			shellScript = "set -e\n\nset +u\nif [[ $UFW_MASTER_SCRIPT_RUNNING ]]\nthen\n    # Nothing for the slave script to do\n    exit 0\nfi\nset -u\nexport UFW_MASTER_SCRIPT_RUNNING=1\n\n\n# Functions\n\n## List files in the specified directory, storing to the specified array.\n#\n# @param $1 The path to list\n# @param $2 The name of the array to fill\n#\n##\nlist_files ()\n{\n    filelist=$(ls \"$1\")\n    while read line\n    do\n        eval \"$2[\\${#$2[*]}]=\\\"\\$line\\\"\"\n    done <<< \"$filelist\"\n}\n\n\n# Sanity check\n\nif [[ ! -f \"${BUILT_PRODUCTS_DIR}/${EXECUTABLE_PATH}\" ]]\nthen\n    echo \"Framework target \\\"${TARGET_NAME}\\\" had no source files to build from. Make sure your source files have the correct target membership\"\n    exit 1\nfi\n\n\n# Gather information\n\nif [[ \"$SDK_NAME\" =~ ([A-Za-z]+) ]]\nthen\n    UFW_SDK_PLATFORM=${BASH_REMATCH[1]}\nelse\n    echo \"Could not find platform name from SDK_NAME: $SDK_NAME\"\n    exit 1\nfi\n\nif [[ \"$SDK_NAME\" =~ ([0-9]+.*$) ]]\nthen\n    UFW_SDK_VERSION=${BASH_REMATCH[1]}\nelse\n    echo \"Could not find sdk version from SDK_NAME: $SDK_NAME\"\n    exit 1\nfi\n\nif [[ \"$UFW_SDK_PLATFORM\" = \"iphoneos\" ]]\nthen\n    UFW_OTHER_PLATFORM=iphonesimulator\nelse\n    UFW_OTHER_PLATFORM=iphoneos\nfi\n\nif [[ \"$BUILT_PRODUCTS_DIR\" =~ (.*)$UFW_SDK_PLATFORM$ ]]\nthen\n    UFW_OTHER_BUILT_PRODUCTS_DIR=\"${BASH_REMATCH[1]}${UFW_OTHER_PLATFORM}\"\nelse\n    echo \"Could not find $UFW_SDK_PLATFORM in $BUILT_PRODUCTS_DIR\"\n    exit 1\nfi\n\nONLY_ACTIVE_PLATFORM=${ONLY_ACTIVE_PLATFORM:-$ONLY_ACTIVE_ARCH}\n\n# Short-circuit if all binaries are up to date.\n# We already checked the other platform in the prerun script.\n\nif [[ -f \"${BUILT_PRODUCTS_DIR}/${EXECUTABLE_PATH}\" ]] && [[ -f \"${BUILT_PRODUCTS_DIR}/${PRODUCT_NAME}.embeddedframework/${EXECUTABLE_PATH}\" ]] && [[ ! \"${BUILT_PRODUCTS_DIR}/${EXECUTABLE_PATH}\" -nt \"${BUILT_PRODUCTS_DIR}/${PRODUCT_NAME}.embeddedframework/${EXECUTABLE_PATH}\" ]]\nthen\n    exit 0\nfi\n\nif [ \"${ONLY_ACTIVE_PLATFORM}\" == \"YES\" ]\nthen\n    echo \"ONLY_ACTIVE_PLATFORM=${ONLY_ACTIVE_PLATFORM}: Skipping other platform build\"\nelse\n    # Make sure the other platform gets built\n    \n    echo \"Build other platform\"\n    \n    echo xcodebuild -project \"${PROJECT_FILE_PATH}\" -target \"${TARGET_NAME}\" -configuration \"${CONFIGURATION}\" -sdk ${UFW_OTHER_PLATFORM}${UFW_SDK_VERSION} BUILD_DIR=\"${BUILD_DIR}\" CONFIGURATION_TEMP_DIR=\"${PROJECT_TEMP_DIR}/${CONFIGURATION}-${UFW_OTHER_PLATFORM}\" $ACTION\n    xcodebuild -project \"${PROJECT_FILE_PATH}\" -target \"${TARGET_NAME}\" -configuration \"${CONFIGURATION}\" -sdk ${UFW_OTHER_PLATFORM}${UFW_SDK_VERSION} BUILD_DIR=\"${BUILD_DIR}\" CONFIGURATION_TEMP_DIR=\"${PROJECT_TEMP_DIR}/${CONFIGURATION}-${UFW_OTHER_PLATFORM}\" $ACTION\n    \n    \n    # Build the fat static library binary\n    \n    echo \"Create universal static library\"\n    \n    echo \"$PLATFORM_DEVELOPER_BIN_DIR/libtool\" -static \"${BUILT_PRODUCTS_DIR}/${EXECUTABLE_PATH}\" \"${UFW_OTHER_BUILT_PRODUCTS_DIR}/${EXECUTABLE_PATH}\" -o \"${BUILT_PRODUCTS_DIR}/${EXECUTABLE_PATH}.temp\"\n    \"$PLATFORM_DEVELOPER_BIN_DIR/libtool\" -static \"${BUILT_PRODUCTS_DIR}/${EXECUTABLE_PATH}\" \"${UFW_OTHER_BUILT_PRODUCTS_DIR}/${EXECUTABLE_PATH}\" -o \"${BUILT_PRODUCTS_DIR}/${EXECUTABLE_PATH}.temp\"\n    \n    echo mv \"${BUILT_PRODUCTS_DIR}/${EXECUTABLE_PATH}.temp\" \"${BUILT_PRODUCTS_DIR}/${EXECUTABLE_PATH}\"\n    mv \"${BUILT_PRODUCTS_DIR}/${EXECUTABLE_PATH}.temp\" \"${BUILT_PRODUCTS_DIR}/${EXECUTABLE_PATH}\"\nfi\n\n# Build embedded framework structure\n\necho \"Build Embedded Framework\"\n\necho rm -rf \"${BUILT_PRODUCTS_DIR}/${PRODUCT_NAME}.embeddedframework\"\nrm -rf \"${BUILT_PRODUCTS_DIR}/${PRODUCT_NAME}.embeddedframework\"\necho mkdir -p \"${BUILT_PRODUCTS_DIR}/${PRODUCT_NAME}.embeddedframework/Resources\"\nmkdir -p \"${BUILT_PRODUCTS_DIR}/${PRODUCT_NAME}.embeddedframework/Resources\"\necho cp -a \"${BUILT_PRODUCTS_DIR}/${WRAPPER_NAME}\" \"${BUILT_PRODUCTS_DIR}/${PRODUCT_NAME}.embeddedframework/\"\ncp -a \"${BUILT_PRODUCTS_DIR}/${WRAPPER_NAME}\" \"${BUILT_PRODUCTS_DIR}/${PRODUCT_NAME}.embeddedframework/\"\n\ndeclare -a UFW_FILE_LIST\nlist_files \"${BUILT_PRODUCTS_DIR}/${UNLOCALIZED_RESOURCES_FOLDER_PATH}\" UFW_FILE_LIST\nfor filename in \"${UFW_FILE_LIST[@]}\"\ndo\n    if [[ \"${filename}\" != \"Info.plist\" ]] && [[ ! \"${filename}\" =~ .*\\.lproj$ ]]\n    then\n        echo ln -sfh \"../${WRAPPER_NAME}/Resources/${filename}\" \"${BUILT_PRODUCTS_DIR}/${PRODUCT_NAME}.embeddedframework/Resources/${filename}\"\n        ln -sfh \"../${WRAPPER_NAME}/Resources/${filename}\" \"${BUILT_PRODUCTS_DIR}/${PRODUCT_NAME}.embeddedframework/Resources/${filename}\"\n    fi\ndone\n\n\nif [ \"${ONLY_ACTIVE_PLATFORM}\" != \"YES\" ]\nthen\n    # Replace other platform's framework with a copy of this one (so that both have the same universal binary)\n    \n    echo \"Copy from $UFW_SDK_PLATFORM to $UFW_OTHER_PLATFORM\"\n    \n    echo rm -rf \"${BUILD_DIR}/${CONFIGURATION}-${UFW_OTHER_PLATFORM}\"\n    rm -rf \"${BUILD_DIR}/${CONFIGURATION}-${UFW_OTHER_PLATFORM}\"\n    echo cp -a \"${BUILD_DIR}/${CONFIGURATION}-${UFW_SDK_PLATFORM}\" \"${BUILD_DIR}/${CONFIGURATION}-${UFW_OTHER_PLATFORM}\"\n    cp -a \"${BUILD_DIR}/${CONFIGURATION}-${UFW_SDK_PLATFORM}\" \"${BUILD_DIR}/${CONFIGURATION}-${UFW_OTHER_PLATFORM}\"\nfi\n";
		};
/* End PBXShellScriptBuildPhase section */

/* Begin PBXSourcesBuildPhase section */
		1D4BF07817A8FF30005080A2 /* Sources */ = {
			isa = PBXSourcesBuildPhase;
			buildActionMask = 2147483647;
			files = (
				1D4BF0B717A8FFA8005080A2 /* MSStringManipulation.m in Sources */,
			);
			runOnlyForDeploymentPostprocessing = 0;
		};
		1D5CBA1417BD4900009D58E2 /* Sources */ = {
			isa = PBXSourcesBuildPhase;
			buildActionMask = 2147483647;
			files = (
				1D5CBA2E17BD4910009D58E2 /* MSStringManipulation.m in Sources */,
			);
			runOnlyForDeploymentPostprocessing = 0;
		};
/* End PBXSourcesBuildPhase section */

/* Begin PBXVariantGroup section */
		1D4BF08917A8FF30005080A2 /* InfoPlist.strings */ = {
			isa = PBXVariantGroup;
			children = (
				1D4BF08A17A8FF30005080A2 /* en */,
			);
			name = InfoPlist.strings;
			sourceTree = "<group>";
		};
/* End PBXVariantGroup section */

/* Begin XCBuildConfiguration section */
		1D4BF0A317A8FF30005080A2 /* Debug */ = {
			isa = XCBuildConfiguration;
			buildSettings = {
				ALWAYS_SEARCH_USER_PATHS = NO;
				CLANG_CXX_LANGUAGE_STANDARD = "gnu++0x";
				CLANG_CXX_LIBRARY = "libc++";
				CLANG_ENABLE_MODULES = YES;
				CLANG_ENABLE_OBJC_ARC = YES;
				CLANG_WARN_BOOL_CONVERSION = YES;
				CLANG_WARN_CONSTANT_CONVERSION = YES;
				CLANG_WARN_DIRECT_OBJC_ISA_USAGE = YES_ERROR;
				CLANG_WARN_EMPTY_BODY = YES;
				CLANG_WARN_ENUM_CONVERSION = YES;
				CLANG_WARN_INT_CONVERSION = YES;
				CLANG_WARN_OBJC_ROOT_CLASS = YES_ERROR;
				CLANG_WARN__DUPLICATE_METHOD_MATCH = YES;
				COPY_PHASE_STRIP = NO;
				GCC_C_LANGUAGE_STANDARD = gnu99;
				GCC_DYNAMIC_NO_PIC = NO;
				GCC_ENABLE_OBJC_EXCEPTIONS = YES;
				GCC_OPTIMIZATION_LEVEL = 0;
				GCC_PREPROCESSOR_DEFINITIONS = (
					"DEBUG=1",
					"$(inherited)",
				);
				GCC_SYMBOLS_PRIVATE_EXTERN = NO;
				GCC_WARN_64_TO_32_BIT_CONVERSION = YES;
				GCC_WARN_ABOUT_RETURN_TYPE = YES_ERROR;
				GCC_WARN_UNDECLARED_SELECTOR = YES;
				GCC_WARN_UNINITIALIZED_AUTOS = YES;
				GCC_WARN_UNUSED_FUNCTION = YES;
				GCC_WARN_UNUSED_VARIABLE = YES;
				MACOSX_DEPLOYMENT_TARGET = 10.7;
				ONLY_ACTIVE_ARCH = YES;
				SDKROOT = macosx;
			};
			name = Debug;
		};
		1D4BF0A417A8FF30005080A2 /* Release */ = {
			isa = XCBuildConfiguration;
			buildSettings = {
				ALWAYS_SEARCH_USER_PATHS = NO;
				CLANG_CXX_LANGUAGE_STANDARD = "gnu++0x";
				CLANG_CXX_LIBRARY = "libc++";
				CLANG_ENABLE_MODULES = YES;
				CLANG_ENABLE_OBJC_ARC = YES;
				CLANG_WARN_BOOL_CONVERSION = YES;
				CLANG_WARN_CONSTANT_CONVERSION = YES;
				CLANG_WARN_DIRECT_OBJC_ISA_USAGE = YES_ERROR;
				CLANG_WARN_EMPTY_BODY = YES;
				CLANG_WARN_ENUM_CONVERSION = YES;
				CLANG_WARN_INT_CONVERSION = YES;
				CLANG_WARN_OBJC_ROOT_CLASS = YES_ERROR;
				CLANG_WARN__DUPLICATE_METHOD_MATCH = YES;
				COPY_PHASE_STRIP = YES;
				DEBUG_INFORMATION_FORMAT = "dwarf-with-dsym";
				ENABLE_NS_ASSERTIONS = NO;
				GCC_C_LANGUAGE_STANDARD = gnu99;
				GCC_ENABLE_OBJC_EXCEPTIONS = YES;
				GCC_WARN_64_TO_32_BIT_CONVERSION = YES;
				GCC_WARN_ABOUT_RETURN_TYPE = YES_ERROR;
				GCC_WARN_UNDECLARED_SELECTOR = YES;
				GCC_WARN_UNINITIALIZED_AUTOS = YES;
				GCC_WARN_UNUSED_FUNCTION = YES;
				GCC_WARN_UNUSED_VARIABLE = YES;
				MACOSX_DEPLOYMENT_TARGET = 10.7;
				SDKROOT = macosx;
			};
			name = Release;
		};
		1D4BF0A617A8FF30005080A2 /* Debug */ = {
			isa = XCBuildConfiguration;
			buildSettings = {
				COMBINE_HIDPI_IMAGES = YES;
				DYLIB_COMPATIBILITY_VERSION = 1;
				DYLIB_CURRENT_VERSION = 1;
				FRAMEWORK_VERSION = A;
				INFOPLIST_FILE = "MSBooster/MSBooster-Info.plist";
				PRODUCT_NAME = "$(TARGET_NAME)";
				WRAPPER_EXTENSION = framework;
			};
			name = Debug;
		};
		1D4BF0A717A8FF30005080A2 /* Release */ = {
			isa = XCBuildConfiguration;
			buildSettings = {
				COMBINE_HIDPI_IMAGES = YES;
				DYLIB_COMPATIBILITY_VERSION = 1;
				DYLIB_CURRENT_VERSION = 1;
				FRAMEWORK_VERSION = A;
				INFOPLIST_FILE = "MSBooster/MSBooster-Info.plist";
				PRODUCT_NAME = "$(TARGET_NAME)";
				WRAPPER_EXTENSION = framework;
			};
			name = Release;
		};
		1D5CBA2517BD4900009D58E2 /* Debug */ = {
			isa = XCBuildConfiguration;
			buildSettings = {
				DYLIB_COMPATIBILITY_VERSION = 1;
				DYLIB_CURRENT_VERSION = 1;
				FRAMEWORK_SEARCH_PATHS = (
					"$(inherited)",
					"$(DEVELOPER_DIR)/Platforms/MacOSX.platform/Developer/SDKs/MacOSX10.9.sdk/System/Library/Frameworks",
				);
				FRAMEWORK_VERSION = A;
				GCC_PREPROCESSOR_DEFINITIONS = (
					"DEBUG=1",
					"$(inherited)",
				);
				INFOPLIST_FILE = "MSBooster/MSBooster-Info.plist";
				IPHONEOS_DEPLOYMENT_TARGET = 7.0;
				OTHER_LDFLAGS = (
					"-ObjC",
					"-all_load",
				);
				PRODUCT_NAME = MSBooster;
				SDKROOT = iphoneos;
				SKIP_INSTALL = YES;
				WRAPPER_EXTENSION = framework;
			};
			name = Debug;
		};
		1D5CBA2617BD4900009D58E2 /* Release */ = {
			isa = XCBuildConfiguration;
			buildSettings = {
				DYLIB_COMPATIBILITY_VERSION = 1;
				DYLIB_CURRENT_VERSION = 1;
				FRAMEWORK_SEARCH_PATHS = (
					"$(inherited)",
					"$(DEVELOPER_DIR)/Platforms/MacOSX.platform/Developer/SDKs/MacOSX10.9.sdk/System/Library/Frameworks",
				);
				FRAMEWORK_VERSION = A;
				INFOPLIST_FILE = "MSBooster/MSBooster-Info.plist";
				IPHONEOS_DEPLOYMENT_TARGET = 7.0;
				OTHER_LDFLAGS = (
					"-ObjC",
					"-all_load",
				);
				PRODUCT_NAME = MSBooster;
				SDKROOT = iphoneos;
				SKIP_INSTALL = YES;
				VALIDATE_PRODUCT = YES;
				WRAPPER_EXTENSION = framework;
			};
			name = Release;
		};
/* End XCBuildConfiguration section */

/* Begin XCConfigurationList section */
		1D4BF07717A8FF30005080A2 /* Build configuration list for PBXProject "MSBooster" */ = {
			isa = XCConfigurationList;
			buildConfigurations = (
				1D4BF0A317A8FF30005080A2 /* Debug */,
				1D4BF0A417A8FF30005080A2 /* Release */,
			);
			defaultConfigurationIsVisible = 0;
			defaultConfigurationName = Release;
		};
		1D4BF0A517A8FF30005080A2 /* Build configuration list for PBXNativeTarget "MSBooster" */ = {
			isa = XCConfigurationList;
			buildConfigurations = (
				1D4BF0A617A8FF30005080A2 /* Debug */,
				1D4BF0A717A8FF30005080A2 /* Release */,
			);
			defaultConfigurationIsVisible = 0;
			defaultConfigurationName = Release;
		};
		1D5CBA2717BD4900009D58E2 /* Build configuration list for PBXNativeTarget "MobileBooster" */ = {
			isa = XCConfigurationList;
			buildConfigurations = (
				1D5CBA2517BD4900009D58E2 /* Debug */,
				1D5CBA2617BD4900009D58E2 /* Release */,
			);
			defaultConfigurationIsVisible = 0;
			defaultConfigurationName = Release;
		};
/* End XCConfigurationList section */
	};
	rootObject = 1D4BF07417A8FF30005080A2 /* Project object */;
}
